lockfileVersion: '9.0'

settings:
  autoInstallPeers: true
  excludeLinksFromLockfile: false

importers:

  .:
    dependencies:
      vscode-languageclient:
        specifier: ^10.0.1
        version: 10.0.1
    devDependencies:
      '@types/node':
        specifier: ^26.0.1
        version: 26.0.1
      '@types/vscode':
        specifier: ^1.125.0
        version: 1.125.0

packages:

  '@types/node@26.0.1':
    resolution: {integrity: sha512-fc3KiUoBt6kie0N9bIW3E47vZsuaMf0PM2AaUpLCLT0s/LvX1nxAim6Fc049cNxODPpGm6qRAuUOB86SkRuPQw==}

  '@types/vscode@1.125.0':
    resolution: {integrity: sha512-0icm/ZQAaism87P0ekHqi4/Ju9du+Tm0RUW+y7vqRsxY2cY0FNRX1nAnaW7nT6npPt2tfHiheZ55Zm9UhqonFA==}

  balanced-match@4.0.4:
    resolution: {integrity: sha512-BLrgEcRTwX2o6gGxGOCNyMvGSp35YofuYzw9h1IMTRmKqttAZZVU67bdb9Pr2vUHA8+j3i2tJfjO6C6+4myGTA==}
    engines: {node: 18 || 20 || >=22}

  brace-expansion@5.0.6:
    resolution: {integrity: sha512-kLpxurY4Z4r9sgMsyG0Z9uzsBlgiU/EFKhj/h91/8yHu0edo7XuixOIH3VcJ8kkxs6/jPzoI6U9Vj3WqbMQ94g==}
    engines: {node: 18 || 20 || >=22}

  minimatch@10.2.5:
    resolution: {integrity: sha512-MULkVLfKGYDFYejP07QOurDLLQpcjk7Fw+7jXS2R2czRQzR56yHRveU5NDJEOviH+hETZKSkIk5c+T23GjFUMg==}
    engines: {node: 18 || 20 || >=22}

  semver@7.8.5:
    resolution: {integrity: sha512-Y7/KDsb8LjooZpwaqGyulO6DQlksgCncchHGk+sZIY4SBvUocMBEFH5Ur1fI4dV+Jvl0w6cjvucaIi40puRioA==}
    engines: {node: '>=10'}
    hasBin: true

  undici-types@8.3.0:
    resolution: {integrity: sha512-j375ScV60dom+YkPFIfTLcOiPxkN/buHz5GobjLhixFuANaNs3C9l4GmrWqejgXWJ7BbJcFYpTEUkS1Ge8bpZQ==}

  vscode-jsonrpc@9.0.0:
    resolution: {integrity: sha512-+VvMmQPJhtvJ+8O+zu2JKIRiLxXF8NW7krWgyMGeOHrp4Cn23T5hc0v2LknNeopDOB70wghHAds7mKtcZ0I4Sg==}
    engines: {node: '>=14.0.0'}

  vscode-languageclient@10.0.1:
    resolution: {integrity: sha512-kXitJTQVKfv69/TY0LnQdsSMaqzRaeoJMMic+B6ad7HLtFPO46MLxpNjnFh1KF1nOhZUoLX+6e+JoIl+Jp3ycQ==}
    engines: {vscode: ^1.91.0}

  vscode-languageserver-protocol@3.18.1:
    resolution: {integrity: sha512-RTiiVHdpxpYcJVI5sq6S5TLjQ4WDR/rBrIWru+kPXe6sGQ9PFQ3GamrTKLvPqbR4ylr1SoodhmcqbFII0WXVuw==}

  vscode-languageserver-textdocument@1.0.13:
    resolution: {integrity: sha512-nx0ZHwMGIsVkzFG3/VLeJYBLTaFBRuNdGDvevvjuoayU5EOS2fEYazOhtCM3PI9ClMMg5igc0uwXtAq4tJj+Dw==}

  vscode-languageserver-types@3.18.0:
    resolution: {integrity: sha512-8TsGPNMIMiiBdkORgRSvLjuiEIiAFtO+KssmYWxQ+uSVvlf7RjK8YKCOjPzZ+YA04jXEV7+7LvkSmHkhpNS99g==}

snapshots:

  '@types/node@26.0.1':
    dependencies:
      undici-types: 8.3.0

  '@types/vscode@1.125.0': {}

  balanced-match@4.0.4: {}

  brace-expansion@5.0.6:
    dependencies:
      balanced-match: 4.0.4

  minimatch@10.2.5:
    dependencies:
      brace-expansion: 5.0.6

  semver@7.8.5: {}

  undici-types@8.3.0: {}

  vscode-jsonrpc@9.0.0: {}

  vscode-languageclient@10.0.1:
    dependencies:
      minimatch: 10.2.5
      semver: 7.8.5
      vscode-languageserver-protocol: 3.18.1
      vscode-languageserver-textdocument: 1.0.13

  vscode-languageserver-protocol@3.18.1:
    dependencies:
      vscode-jsonrpc: 9.0.0
      vscode-languageserver-types: 3.18.0

  vscode-languageserver-textdocument@1.0.13: {}

  vscode-languageserver-types@3.18.0: {}
