lockfileVersion: '9.0'

settings:
  autoInstallPeers: true
  excludeLinksFromLockfile: false

importers:

  .:
    dependencies:
      ic10-node-api:
        specifier: 1.0.2
        version: 1.0.2
      vscode-languageserver:
        specifier: ^10.0.1
        version: 10.0.1
      vscode-languageserver-textdocument:
        specifier: ^1.0.12
        version: 1.0.12
    devDependencies:
      '@types/node':
        specifier: ^26.0.1
        version: 26.0.1
      '@types/vscode':
        specifier: ^1.125.0
        version: 1.125.0

packages:

  '@types/node@26.0.1':
    resolution: {integrity: sha512-fc3KiUoBt6kie0N9bIW3E47vZsuaMf0PM2AaUpLCLT0s/LvX1nxAim6Fc049cNxODPpGm6qRAuUOB86SkRuPQw==}

  '@types/vscode@1.125.0':
    resolution: {integrity: sha512-0icm/ZQAaism87P0ekHqi4/Ju9du+Tm0RUW+y7vqRsxY2cY0FNRX1nAnaW7nT6npPt2tfHiheZ55Zm9UhqonFA==}

  ic10-node-api@1.0.2:
    resolution: {integrity: sha512-TZzKhDcVQzr2TYMBztXCv+KVkWDc/0gpLvCK0IM0QZ3xKZsccp4xYAIQq2wEUMPUWGMZJhYTFtfkcYAtzdeuBA==}
    engines: {node: '>=16.0.0'}

  undici-types@8.3.0:
    resolution: {integrity: sha512-j375ScV60dom+YkPFIfTLcOiPxkN/buHz5GobjLhixFuANaNs3C9l4GmrWqejgXWJ7BbJcFYpTEUkS1Ge8bpZQ==}

  vscode-jsonrpc@9.0.0:
    resolution: {integrity: sha512-+VvMmQPJhtvJ+8O+zu2JKIRiLxXF8NW7krWgyMGeOHrp4Cn23T5hc0v2LknNeopDOB70wghHAds7mKtcZ0I4Sg==}
    engines: {node: '>=14.0.0'}

  vscode-languageserver-protocol@3.18.1:
    resolution: {integrity: sha512-RTiiVHdpxpYcJVI5sq6S5TLjQ4WDR/rBrIWru+kPXe6sGQ9PFQ3GamrTKLvPqbR4ylr1SoodhmcqbFII0WXVuw==}

  vscode-languageserver-textdocument@1.0.12:
    resolution: {integrity: sha512-cxWNPesCnQCcMPeenjKKsOCKQZ/L6Tv19DTRIGuLWe32lyzWhihGVJ/rcckZXJxfdKCFvRLS3fpBIsV/ZGX4zA==}

  vscode-languageserver-types@3.18.0:
    resolution: {integrity: sha512-8TsGPNMIMiiBdkORgRSvLjuiEIiAFtO+KssmYWxQ+uSVvlf7RjK8YKCOjPzZ+YA04jXEV7+7LvkSmHkhpNS99g==}

  vscode-languageserver@10.0.1:
    resolution: {integrity: sha512-hfERoZvpaHWzQa7t5mMIrHkEOhF7aTs1dpktem0TW/Xs4QZD7NtcHjIq/aE1CZJEj6Rb8LSGUkBhvTRDdpyGig==}
    hasBin: true

snapshots:

  '@types/node@26.0.1':
    dependencies:
      undici-types: 8.3.0

  '@types/vscode@1.125.0': {}

  ic10-node-api@1.0.2: {}

  undici-types@8.3.0: {}

  vscode-jsonrpc@9.0.0: {}

  vscode-languageserver-protocol@3.18.1:
    dependencies:
      vscode-jsonrpc: 9.0.0
      vscode-languageserver-types: 3.18.0

  vscode-languageserver-textdocument@1.0.12: {}

  vscode-languageserver-types@3.18.0: {}

  vscode-languageserver@10.0.1:
    dependencies:
      vscode-languageserver-protocol: 3.18.1
